
Microsoft Visual Studio Solution File, Format Version 12.00
# Visual Studio Version 16
VisualStudioVersion = 16.0.31911.196
MinimumVisualStudioVersion = 10.0.40219.1
Project("{FAE04EC0-301F-11D3-BF4B-00C04F79EFBC}") = "moneyswapper", "moneyswapper\moneyswapper.csproj", "{D281AEA2-6FBB-429E-B337-34A269FFA35F}"
EndProject
Global
	GlobalSection(SolutionConfigurationPlatforms) = preSolution
		Debug|Any CPU = Debug|Any CPU
		Release|Any CPU = Release|Any CPU
	EndGlobalSection
	GlobalSection(ProjectConfigurationPlatforms) = postSolution
		{D281AEA2-6FBB-429E-B337-34A269FFA35F}.Debug|Any CPU.ActiveCfg = Debug|Any CPU
		{D281AEA2-6FBB-429E-B337-34A269FFA35F}.Debug|Any CPU.Build.0 = Debug|Any CPU
		{D281AEA2-6FBB-429E-B337-34A269FFA35F}.Release|Any CPU.ActiveCfg = Release|Any CPU
		{D281AEA2-6FBB-429E-B337-34A269FFA35F}.Release|Any CPU.Build.0 = Release|Any CPU
	EndGlobalSection
	GlobalSection(SolutionProperties) = preSolution
		HideSolutionNode = FALSE
	EndGlobalSection
	GlobalSection(ExtensibilityGlobals) = postSolution
		SolutionGuid = {B4D7B887-E75B-47CA-9118-E46C3CEF9185}
	EndGlobalSection
EndGlobal
